// !$*UTF8*$!
{
	archiveVersion = 1;
	classes = {
	};
	objectVersion = 56;
	objects = {

/* Begin PBXBuildFile section */
		13996C3829F695510063B73C /* AppDelegate.swift in Sources */ = {isa = PBXBuildFile; fileRef = 13996C3729F695510063B73C /* AppDelegate.swift */; };
		13996C3A29F695510063B73C /* SceneDelegate.swift in Sources */ = {isa = PBXBuildFile; fileRef = 13996C3929F695510063B73C /* SceneDelegate.swift */; };
		13996C3C29F695510063B73C /* ViewController.swift in Sources */ = {isa = PBXBuildFile; fileRef = 13996C3B29F695510063B73C /* ViewController.swift */; };
		13996C3F29F695510063B73C /* Main.storyboard in Resources */ = {isa = PBXBuildFile; fileRef = 13996C3D29F695510063B73C /* Main.storyboard */; };
		13996C4129F695560063B73C /* Assets.xcassets in Resources */ = {isa = PBXBuildFile; fileRef = 13996C4029F695560063B73C /* Assets.xcassets */; };
		13996C4429F695560063B73C /* LaunchScreen.storyboard in Resources */ = {isa = PBXBuildFile; fileRef = 13996C4229F695560063B73C /* LaunchScreen.storyboard */; };
		13996C5629F69B0F0063B73C /* Exercise.swift in Sources */ = {isa = PBXBuildFile; fileRef = 13996C5529F69B0F0063B73C /* Exercise.swift */; };
		13996C5829F69B760063B73C /* PullUps.swift in Sources */ = {isa = PBXBuildFile; fileRef = 13996C5729F69B760063B73C /* PullUps.swift */; };
		13996C5A29F69BEB0063B73C /* Running.swift in Sources */ = {isa = PBXBuildFile; fileRef = 13996C5929F69BEB0063B73C /* Running.swift */; };
		13996C5D29F69C880063B73C /* FactoryExercises.swift in Sources */ = {isa = PBXBuildFile; fileRef = 13996C5C29F69C870063B73C /* FactoryExercises.swift */; };
		13996C6029F69E420063B73C /* Cycling.swift in Sources */ = {isa = PBXBuildFile; fileRef = 13996C5F29F69E420063B73C /* Cycling.swift */; };
/* End PBXBuildFile section */

/* Begin PBXFileReference section */
		13996C3429F695510063B73C /* Factory.app */ = {isa = PBXFileReference; explicitFileType = wrapper.application; includeInIndex = 0; path = Factory.app; sourceTree = BUILT_PRODUCTS_DIR; };
		13996C3729F695510063B73C /* AppDelegate.swift */ = {isa = PBXFileReference; lastKnownFileType = sourcecode.swift; path = AppDelegate.swift; sourceTree = "<group>"; };
		13996C3929F695510063B73C /* SceneDelegate.swift */ = {isa = PBXFileReference; lastKnownFileType = sourcecode.swift; path = SceneDelegate.swift; sourceTree = "<group>"; };
		13996C3B29F695510063B73C /* ViewController.swift */ = {isa = PBXFileReference; lastKnownFileType = sourcecode.swift; path = ViewController.swift; sourceTree = "<group>"; };
		13996C3E29F695510063B73C /* Base */ = {isa = PBXFileReference; lastKnownFileType = file.storyboard; name = Base; path = Base.lproj/Main.storyboard; sourceTree = "<group>"; };
		13996C4029F695560063B73C /* Assets.xcassets */ = {isa = PBXFileReference; lastKnownFileType = folder.assetcatalog; path = Assets.xcassets; sourceTree = "<group>"; };
		13996C4329F695560063B73C /* Base */ = {isa = PBXFileReference; lastKnownFileType = file.storyboard; name = Base; path = Base.lproj/LaunchScreen.storyboard; sourceTree = "<group>"; };
		13996C4529F695560063B73C /* Info.plist */ = {isa = PBXFileReference; lastKnownFileType = text.plist.xml; path = Info.plist; sourceTree = "<group>"; };
		13996C5529F69B0F0063B73C /* Exercise.swift */ = {isa = PBXFileReference; lastKnownFileType = sourcecode.swift; path = Exercise.swift; sourceTree = "<group>"; };
		13996C5729F69B760063B73C /* PullUps.swift */ = {isa = PBXFileReference; lastKnownFileType = sourcecode.swift; path = PullUps.swift; sourceTree = "<group>"; };
		13996C5929F69BEB0063B73C /* Running.swift */ = {isa = PBXFileReference; lastKnownFileType = sourcecode.swift; path = Running.swift; sourceTree = "<group>"; };
		13996C5C29F69C870063B73C /* FactoryExercises.swift */ = {isa = PBXFileReference; lastKnownFileType = sourcecode.swift; path = FactoryExercises.swift; sourceTree = "<group>"; };
		13996C5F29F69E420063B73C /* Cycling.swift */ = {isa = PBXFileReference; lastKnownFileType = sourcecode.swift; path = Cycling.swift; sourceTree = "<group>"; };
/* End PBXFileReference section */

/* Begin PBXFrameworksBuildPhase section */
		13996C3129F695510063B73C /* Frameworks */ = {
			isa = PBXFrameworksBuildPhase;
			buildActionMask = 2147483647;
			files = (
			);
			runOnlyForDeploymentPostprocessing = 0;
		};
/* End PBXFrameworksBuildPhase section */

/* Begin PBXGroup section */
		13996C2B29F695510063B73C = {
			isa = PBXGroup;
			children = (
				13996C3629F695510063B73C /* Factory */,
				13996C3529F695510063B73C /* Products */,
			);
			sourceTree = "<group>";
		};
		13996C3529F695510063B73C /* Products */ = {
			isa = PBXGroup;
			children = (
				13996C3429F695510063B73C /* Factory.app */,
			);
			name = Products;
			sourceTree = "<group>";
		};
		13996C3629F695510063B73C /* Factory */ = {
			isa = PBXGroup;
			children = (
				13996C3729F695510063B73C /* AppDelegate.swift */,
				13996C3929F695510063B73C /* SceneDelegate.swift */,
				13996C3B29F695510063B73C /* ViewController.swift */,
				13996C5E29F69D1C0063B73C /* Factory */,
				13996C5B29F69C4A0063B73C /* New Group */,
				13996C3D29F695510063B73C /* Main.storyboard */,
				13996C4029F695560063B73C /* Assets.xcassets */,
				13996C4229F695560063B73C /* LaunchScreen.storyboard */,
				13996C4529F695560063B73C /* Info.plist */,
			);
			path = Factory;
			sourceTree = "<group>";
		};
		13996C5B29F69C4A0063B73C /* New Group */ = {
			isa = PBXGroup;
			children = (
				13996C5529F69B0F0063B73C /* Exercise.swift */,
				13996C5729F69B760063B73C /* PullUps.swift */,
				13996C5929F69BEB0063B73C /* Running.swift */,
				13996C5F29F69E420063B73C /* Cycling.swift */,
			);
			path = "New Group";
			sourceTree = "<group>";
		};
		13996C5E29F69D1C0063B73C /* Factory */ = {
			isa = PBXGroup;
			children = (
				13996C5C29F69C870063B73C /* FactoryExercises.swift */,
			);
			path = Factory;
			sourceTree = "<group>";
		};
/* End PBXGroup section */

/* Begin PBXNativeTarget section */
		13996C3329F695510063B73C /* Factory */ = {
			isa = PBXNativeTarget;
			buildConfigurationList = 13996C4829F695560063B73C /* Build configuration list for PBXNativeTarget "Factory" */;
			buildPhases = (
				13996C3029F695510063B73C /* Sources */,
				13996C3129F695510063B73C /* Frameworks */,
				13996C3229F695510063B73C /* Resources */,
			);
			buildRules = (
			);
			dependencies = (
			);
			name = Factory;
			productName = Factory;
			productReference = 13996C3429F695510063B73C /* Factory.app */;
			productType = "com.apple.product-type.application";
		};
/* End PBXNativeTarget section */

/* Begin PBXProject section */
		13996C2C29F695510063B73C /* Project object */ = {
			isa = PBXProject;
			attributes = {
				BuildIndependentTargetsInParallel = 1;
				LastSwiftUpdateCheck = 1420;
				LastUpgradeCheck = 1420;
				TargetAttributes = {
					13996C3329F695510063B73C = {
						CreatedOnToolsVersion = 14.2;
					};
				};
			};
			buildConfigurationList = 13996C2F29F695510063B73C /* Build configuration list for PBXProject "Factory" */;
			compatibilityVersion = "Xcode 14.0";
			developmentRegion = en;
			hasScannedForEncodings = 0;
			knownRegions = (
				en,
				Base,
			);
			mainGroup = 13996C2B29F695510063B73C;
			productRefGroup = 13996C3529F695510063B73C /* Products */;
			projectDirPath = "";
			projectRoot = "";
			targets = (
				13996C3329F695510063B73C /* Factory */,
			);
		};
/* End PBXProject section */

/* Begin PBXResourcesBuildPhase section */
		13996C3229F695510063B73C /* Resources */ = {
			isa = PBXResourcesBuildPhase;
			buildActionMask = 2147483647;
			files = (
				13996C4429F695560063B73C /* LaunchScreen.storyboard in Resources */,
				13996C4129F695560063B73C /* Assets.xcassets in Resources */,
				13996C3F29F695510063B73C /* Main.storyboard in Resources */,
			);
			runOnlyForDeploymentPostprocessing = 0;
		};
/* End PBXResourcesBuildPhase section */

/* Begin PBXSourcesBuildPhase section */
		13996C3029F695510063B73C /* Sources */ = {
			isa = PBXSourcesBuildPhase;
			buildActionMask = 2147483647;
			files = (
				13996C3C29F695510063B73C /* ViewController.swift in Sources */,
				13996C6029F69E420063B73C /* Cycling.swift in Sources */,
				13996C5A29F69BEB0063B73C /* Running.swift in Sources */,
				13996C5629F69B0F0063B73C /* Exercise.swift in Sources */,
				13996C3829F695510063B73C /* AppDelegate.swift in Sources */,
				13996C5D29F69C880063B73C /* FactoryExercises.swift in Sources */,
				13996C5829F69B760063B73C /* PullUps.swift in Sources */,
				13996C3A29F695510063B73C /* SceneDelegate.swift in Sources */,
			);
			runOnlyForDeploymentPostprocessing = 0;
		};
/* End PBXSourcesBuildPhase section */

/* Begin PBXVariantGroup section */
		13996C3D29F695510063B73C /* Main.storyboard */ = {
			isa = PBXVariantGroup;
			children = (
				13996C3E29F695510063B73C /* Base */,
			);
			name = Main.storyboard;
			sourceTree = "<group>";
		};
		13996C4229F695560063B73C /* LaunchScreen.storyboard */ = {
			isa = PBXVariantGroup;
			children = (
				13996C4329F695560063B73C /* Base */,
			);
			name = LaunchScreen.storyboard;
			sourceTree = "<group>";
		};
/* End PBXVariantGroup section */

/* Begin XCBuildConfiguration section */
		13996C4629F695560063B73C /* Debug */ = {
			isa = XCBuildConfiguration;
			buildSettings = {
				ALWAYS_SEARCH_USER_PATHS = NO;
				CLANG_ANALYZER_NONNULL = YES;
				CLANG_ANALYZER_NUMBER_OBJECT_CONVERSION = YES_AGGRESSIVE;
				CLANG_CXX_LANGUAGE_STANDARD = "gnu++20";
				CLANG_ENABLE_MODULES = YES;
				CLANG_ENABLE_OBJC_ARC = YES;
				CLANG_ENABLE_OBJC_WEAK = YES;
				CLANG_WARN_BLOCK_CAPTURE_AUTORELEASING = YES;
				CLANG_WARN_BOOL_CONVERSION = YES;
				CLANG_WARN_COMMA = YES;
				CLANG_WARN_CONSTANT_CONVERSION = YES;
				CLANG_WARN_DEPRECATED_OBJC_IMPLEMENTATIONS = YES;
				CLANG_WARN_DIRECT_OBJC_ISA_USAGE = YES_ERROR;
				CLANG_WARN_DOCUMENTATION_COMMENTS = YES;
				CLANG_WARN_EMPTY_BODY = YES;
				CLANG_WARN_ENUM_CONVERSION = YES;
				CLANG_WARN_INFINITE_RECURSION = YES;
				CLANG_WARN_INT_CONVERSION = YES;
				CLANG_WARN_NON_LITERAL_NULL_CONVERSION = YES;
				CLANG_WARN_OBJC_IMPLICIT_RETAIN_SELF = YES;
				CLANG_WARN_OBJC_LITERAL_CONVERSION = YES;
				CLANG_WARN_OBJC_ROOT_CLASS = YES_ERROR;
				CLANG_WARN_QUOTED_INCLUDE_IN_FRAMEWORK_HEADER = YES;
				CLANG_WARN_RANGE_LOOP_ANALYSIS = YES;
				CLANG_WARN_STRICT_PROTOTYPES = YES;
				CLANG_WARN_SUSPICIOUS_MOVE = YES;
				CLANG_WARN_UNGUARDED_AVAILABILITY = YES_AGGRESSIVE;
				CLANG_WARN_UNREACHABLE_CODE = YES;
				CLANG_WARN__DUPLICATE_METHOD_MATCH = YES;
				COPY_PHASE_STRIP = NO;
				DEBUG_INFORMATION_FORMAT = dwarf;
				ENABLE_STRICT_OBJC_MSGSEND = YES;
				ENABLE_TESTABILITY = YES;
				GCC_C_LANGUAGE_STANDARD = gnu11;
				GCC_DYNAMIC_NO_PIC = NO;
				GCC_NO_COMMON_BLOCKS = YES;
				GCC_OPTIMIZATION_LEVEL = 0;
				GCC_PREPROCESSOR_DEFINITIONS = (
					"DEBUG=1",
					"$(inherited)",
				);
				GCC_WARN_64_TO_32_BIT_CONVERSION = YES;
				GCC_WARN_ABOUT_RETURN_TYPE = YES_ERROR;
				GCC_WARN_UNDECLARED_SELECTOR = YES;
				GCC_WARN_UNINITIALIZED_AUTOS = YES_AGGRESSIVE;
				GCC_WARN_UNUSED_FUNCTION = YES;
				GCC_WARN_UNUSED_VARIABLE = YES;
				IPHONEOS_DEPLOYMENT_TARGET = 16.2;
				MTL_ENABLE_DEBUG_INFO = INCLUDE_SOURCE;
				MTL_FAST_MATH = YES;
				ONLY_ACTIVE_ARCH = YES;
				SDKROOT = iphoneos;
				SWIFT_ACTIVE_COMPILATION_CONDITIONS = DEBUG;
				SWIFT_OPTIMIZATION_LEVEL = "-Onone";
			};
			name = Debug;
		};
		13996C4729F695560063B73C /* Release */ = {
			isa = XCBuildConfiguration;
			buildSettings = {
				ALWAYS_SEARCH_USER_PATHS = NO;
				CLANG_ANALYZER_NONNULL = YES;
				CLANG_ANALYZER_NUMBER_OBJECT_CONVERSION = YES_AGGRESSIVE;
				CLANG_CXX_LANGUAGE_STANDARD = "gnu++20";
				CLANG_ENABLE_MODULES = YES;
				CLANG_ENABLE_OBJC_ARC = YES;
				CLANG_ENABLE_OBJC_WEAK = YES;
				CLANG_WARN_BLOCK_CAPTURE_AUTORELEASING = YES;
				CLANG_WARN_BOOL_CONVERSION = YES;
				CLANG_WARN_COMMA = YES;
				CLANG_WARN_CONSTANT_CONVERSION = YES;
				CLANG_WARN_DEPRECATED_OBJC_IMPLEMENTATIONS = YES;
				CLANG_WARN_DIRECT_OBJC_ISA_USAGE = YES_ERROR;
				CLANG_WARN_DOCUMENTATION_COMMENTS = YES;
				CLANG_WARN_EMPTY_BODY = YES;
				CLANG_WARN_ENUM_CONVERSION = YES;
				CLANG_WARN_INFINITE_RECURSION = YES;
				CLANG_WARN_INT_CONVERSION = YES;
				CLANG_WARN_NON_LITERAL_NULL_CONVERSION = YES;
				CLANG_WARN_OBJC_IMPLICIT_RETAIN_SELF = YES;
				CLANG_WARN_OBJC_LITERAL_CONVERSION = YES;
				CLANG_WARN_OBJC_ROOT_CLASS = YES_ERROR;
				CLANG_WARN_QUOTED_INCLUDE_IN_FRAMEWORK_HEADER = YES;
				CLANG_WARN_RANGE_LOOP_ANALYSIS = YES;
				CLANG_WARN_STRICT_PROTOTYPES = YES;
				CLANG_WARN_SUSPICIOUS_MOVE = YES;
				CLANG_WARN_UNGUARDED_AVAILABILITY = YES_AGGRESSIVE;
				CLANG_WARN_UNREACHABLE_CODE = YES;
				CLANG_WARN__DUPLICATE_METHOD_MATCH = YES;
				COPY_PHASE_STRIP = NO;
				DEBUG_INFORMATION_FORMAT = "dwarf-with-dsym";
				ENABLE_NS_ASSERTIONS = NO;
				ENABLE_STRICT_OBJC_MSGSEND = YES;
				GCC_C_LANGUAGE_STANDARD = gnu11;
				GCC_NO_COMMON_BLOCKS = YES;
				GCC_WARN_64_TO_32_BIT_CONVERSION = YES;
				GCC_WARN_ABOUT_RETURN_TYPE = YES_ERROR;
				GCC_WARN_UNDECLARED_SELECTOR = YES;
				GCC_WARN_UNINITIALIZED_AUTOS = YES_AGGRESSIVE;
				GCC_WARN_UNUSED_FUNCTION = YES;
				GCC_WARN_UNUSED_VARIABLE = YES;
				IPHONEOS_DEPLOYMENT_TARGET = 16.2;
				MTL_ENABLE_DEBUG_INFO = NO;
				MTL_FAST_MATH = YES;
				SDKROOT = iphoneos;
				SWIFT_COMPILATION_MODE = wholemodule;
				SWIFT_OPTIMIZATION_LEVEL = "-O";
				VALIDATE_PRODUCT = YES;
			};
			name = Release;
		};
		13996C4929F695560063B73C /* Debug */ = {
			isa = XCBuildConfiguration;
			buildSettings = {
				ASSETCATALOG_COMPILER_APPICON_NAME = AppIcon;
				ASSETCATALOG_COMPILER_GLOBAL_ACCENT_COLOR_NAME = AccentColor;
				CODE_SIGN_STYLE = Automatic;
				CURRENT_PROJECT_VERSION = 1;
				GENERATE_INFOPLIST_FILE = YES;
				INFOPLIST_FILE = Factory/Info.plist;
				INFOPLIST_KEY_UIApplicationSupportsIndirectInputEvents = YES;
				INFOPLIST_KEY_UILaunchStoryboardName = LaunchScreen;
				INFOPLIST_KEY_UIMainStoryboardFile = Main;
				INFOPLIST_KEY_UISupportedInterfaceOrientations_iPad = "UIInterfaceOrientationPortrait UIInterfaceOrientationPortraitUpsideDown UIInterfaceOrientationLandscapeLeft UIInterfaceOrientationLandscapeRight";
				INFOPLIST_KEY_UISupportedInterfaceOrientations_iPhone = "UIInterfaceOrientationPortrait UIInterfaceOrientationLandscapeLeft UIInterfaceOrientationLandscapeRight";
				LD_RUNPATH_SEARCH_PATHS = (
					"$(inherited)",
					"@executable_path/Frameworks",
				);
				MARKETING_VERSION = 1.0;
				PRODUCT_BUNDLE_IDENTIFIER = hm.Factory;
				PRODUCT_NAME = "$(TARGET_NAME)";
				SWIFT_EMIT_LOC_STRINGS = YES;
				SWIFT_VERSION = 5.0;
				TARGETED_DEVICE_FAMILY = "1,2";
			};
			name = Debug;
		};
		13996C4A29F695560063B73C /* Release */ = {
			isa = XCBuildConfiguration;
			buildSettings = {
				ASSETCATALOG_COMPILER_APPICON_NAME = AppIcon;
				ASSETCATALOG_COMPILER_GLOBAL_ACCENT_COLOR_NAME = AccentColor;
				CODE_SIGN_STYLE = Automatic;
				CURRENT_PROJECT_VERSION = 1;
				GENERATE_INFOPLIST_FILE = YES;
				INFOPLIST_FILE = Factory/Info.plist;
				INFOPLIST_KEY_UIApplicationSupportsIndirectInputEvents = YES;
				INFOPLIST_KEY_UILaunchStoryboardName = LaunchScreen;
				INFOPLIST_KEY_UIMainStoryboardFile = Main;
				INFOPLIST_KEY_UISupportedInterfaceOrientations_iPad = "UIInterfaceOrientationPortrait UIInterfaceOrientationPortraitUpsideDown UIInterfaceOrientationLandscapeLeft UIInterfaceOrientationLandscapeRight";
				INFOPLIST_KEY_UISupportedInterfaceOrientations_iPhone = "UIInterfaceOrientationPortrait UIInterfaceOrientationLandscapeLeft UIInterfaceOrientationLandscapeRight";
				LD_RUNPATH_SEARCH_PATHS = (
					"$(inherited)",
					"@executable_path/Frameworks",
				);
				MARKETING_VERSION = 1.0;
				PRODUCT_BUNDLE_IDENTIFIER = hm.Factory;
				PRODUCT_NAME = "$(TARGET_NAME)";
				SWIFT_EMIT_LOC_STRINGS = YES;
				SWIFT_VERSION = 5.0;
				TARGETED_DEVICE_FAMILY = "1,2";
			};
			name = Release;
		};
/* End XCBuildConfiguration section */

/* Begin XCConfigurationList section */
		13996C2F29F695510063B73C /* Build configuration list for PBXProject "Factory" */ = {
			isa = XCConfigurationList;
			buildConfigurations = (
				13996C4629F695560063B73C /* Debug */,
				13996C4729F695560063B73C /* Release */,
			);
			defaultConfigurationIsVisible = 0;
			defaultConfigurationName = Release;
		};
		13996C4829F695560063B73C /* Build configuration list for PBXNativeTarget "Factory" */ = {
			isa = XCConfigurationList;
			buildConfigurations = (
				13996C4929F695560063B73C /* Debug */,
				13996C4A29F695560063B73C /* Release */,
			);
			defaultConfigurationIsVisible = 0;
			defaultConfigurationName = Release;
		};
/* End XCConfigurationList section */
	};
	rootObject = 13996C2C29F695510063B73C /* Project object */;
}
